// !$*UTF8*$!
{
	archiveVersion = 1;
	classes = {
	};
	objectVersion = 48;
	objects = {

/* Begin PBXBuildFile section */
		1222C40D1F7B30FD00E26EB1 /* extensions.swift in Sources */ = {isa = PBXBuildFile; fileRef = 1222C40C1F7B30FD00E26EB1 /* extensions.swift */; };
		1222C43B1F7B7EDC00E26EB1 /* CollectionViewController.swift in Sources */ = {isa = PBXBuildFile; fileRef = 1222C43A1F7B7EDC00E26EB1 /* CollectionViewController.swift */; };
		1222C43D1F7B904900E26EB1 /* MultipleCollectionViewController.swift in Sources */ = {isa = PBXBuildFile; fileRef = 1222C43C1F7B904900E26EB1 /* MultipleCollectionViewController.swift */; };
		123EE4861F7A4E0100C30038 /* AppDelegate.swift in Sources */ = {isa = PBXBuildFile; fileRef = 123EE4851F7A4E0100C30038 /* AppDelegate.swift */; };
		123EE48B1F7A4E0100C30038 /* Main.storyboard in Resources */ = {isa = PBXBuildFile; fileRef = 123EE4891F7A4E0100C30038 /* Main.storyboard */; };
		123EE48D1F7A4E0100C30038 /* Assets.xcassets in Resources */ = {isa = PBXBuildFile; fileRef = 123EE48C1F7A4E0100C30038 /* Assets.xcassets */; };
		123EE4901F7A4E0100C30038 /* LaunchScreen.storyboard in Resources */ = {isa = PBXBuildFile; fileRef = 123EE48E1F7A4E0100C30038 /* LaunchScreen.storyboard */; };
		123EE4981F7A4E5100C30038 /* TableViewController.swift in Sources */ = {isa = PBXBuildFile; fileRef = 123EE4971F7A4E5100C30038 /* TableViewController.swift */; };
		1248C6891F7CC8BA00FE62EE /* ViewController.swift in Sources */ = {isa = PBXBuildFile; fileRef = 1248C6881F7CC8BA00FE62EE /* ViewController.swift */; };
		129CD6951F7CD56600454C6D /* DropLabel.swift in Sources */ = {isa = PBXBuildFile; fileRef = 129CD6941F7CD56600454C6D /* DropLabel.swift */; };
/* End PBXBuildFile section */

/* Begin PBXFileReference section */
		1222C40C1F7B30FD00E26EB1 /* extensions.swift */ = {isa = PBXFileReference; lastKnownFileType = sourcecode.swift; path = extensions.swift; sourceTree = "<group>"; };
		1222C43A1F7B7EDC00E26EB1 /* CollectionViewController.swift */ = {isa = PBXFileReference; lastKnownFileType = sourcecode.swift; path = CollectionViewController.swift; sourceTree = "<group>"; };
		1222C43C1F7B904900E26EB1 /* MultipleCollectionViewController.swift */ = {isa = PBXFileReference; lastKnownFileType = sourcecode.swift; path = MultipleCollectionViewController.swift; sourceTree = "<group>"; };
		123EE4821F7A4E0100C30038 /* demo.app */ = {isa = PBXFileReference; explicitFileType = wrapper.application; includeInIndex = 0; path = demo.app; sourceTree = BUILT_PRODUCTS_DIR; };
		123EE4851F7A4E0100C30038 /* AppDelegate.swift */ = {isa = PBXFileReference; lastKnownFileType = sourcecode.swift; path = AppDelegate.swift; sourceTree = "<group>"; };
		123EE48A1F7A4E0100C30038 /* Base */ = {isa = PBXFileReference; lastKnownFileType = file.storyboard; name = Base; path = Base.lproj/Main.storyboard; sourceTree = "<group>"; };
		123EE48C1F7A4E0100C30038 /* Assets.xcassets */ = {isa = PBXFileReference; lastKnownFileType = folder.assetcatalog; path = Assets.xcassets; sourceTree = "<group>"; };
		123EE48F1F7A4E0100C30038 /* Base */ = {isa = PBXFileReference; lastKnownFileType = file.storyboard; name = Base; path = Base.lproj/LaunchScreen.storyboard; sourceTree = "<group>"; };
		123EE4911F7A4E0100C30038 /* Info.plist */ = {isa = PBXFileReference; lastKnownFileType = text.plist.xml; path = Info.plist; sourceTree = "<group>"; };
		123EE4971F7A4E5100C30038 /* TableViewController.swift */ = {isa = PBXFileReference; lastKnownFileType = sourcecode.swift; path = TableViewController.swift; sourceTree = "<group>"; };
		1248C6881F7CC8BA00FE62EE /* ViewController.swift */ = {isa = PBXFileReference; lastKnownFileType = sourcecode.swift; path = ViewController.swift; sourceTree = "<group>"; };
		129CD6941F7CD56600454C6D /* DropLabel.swift */ = {isa = PBXFileReference; lastKnownFileType = sourcecode.swift; path = DropLabel.swift; sourceTree = "<group>"; };
/* End PBXFileReference section */

/* Begin PBXFrameworksBuildPhase section */
		123EE47F1F7A4E0100C30038 /* Frameworks */ = {
			isa = PBXFrameworksBuildPhase;
			buildActionMask = 2147483647;
			files = (
			);
			runOnlyForDeploymentPostprocessing = 0;
		};
/* End PBXFrameworksBuildPhase section */

/* Begin PBXGroup section */
		1222C4391F7B78EE00E26EB1 /* Controller */ = {
			isa = PBXGroup;
			children = (
				123EE4971F7A4E5100C30038 /* TableViewController.swift */,
				1222C43A1F7B7EDC00E26EB1 /* CollectionViewController.swift */,
				1222C43C1F7B904900E26EB1 /* MultipleCollectionViewController.swift */,
				1248C6881F7CC8BA00FE62EE /* ViewController.swift */,
			);
			path = Controller;
			sourceTree = "<group>";
		};
		123EE4791F7A4E0100C30038 = {
			isa = PBXGroup;
			children = (
				123EE4841F7A4E0100C30038 /* demo */,
				123EE4831F7A4E0100C30038 /* Products */,
			);
			sourceTree = "<group>";
		};
		123EE4831F7A4E0100C30038 /* Products */ = {
			isa = PBXGroup;
			children = (
				123EE4821F7A4E0100C30038 /* demo.app */,
			);
			name = Products;
			sourceTree = "<group>";
		};
		123EE4841F7A4E0100C30038 /* demo */ = {
			isa = PBXGroup;
			children = (
				1222C4391F7B78EE00E26EB1 /* Controller */,
				129CD6911F7CD16300454C6D /* Views */,
				123EE4851F7A4E0100C30038 /* AppDelegate.swift */,
				1222C40C1F7B30FD00E26EB1 /* extensions.swift */,
				123EE4891F7A4E0100C30038 /* Main.storyboard */,
				123EE48C1F7A4E0100C30038 /* Assets.xcassets */,
				123EE48E1F7A4E0100C30038 /* LaunchScreen.storyboard */,
				123EE4911F7A4E0100C30038 /* Info.plist */,
			);
			path = demo;
			sourceTree = "<group>";
		};
		129CD6911F7CD16300454C6D /* Views */ = {
			isa = PBXGroup;
			children = (
				129CD6941F7CD56600454C6D /* DropLabel.swift */,
			);
			path = Views;
			sourceTree = "<group>";
		};
/* End PBXGroup section */

/* Begin PBXNativeTarget section */
		123EE4811F7A4E0100C30038 /* demo */ = {
			isa = PBXNativeTarget;
			buildConfigurationList = 123EE4941F7A4E0100C30038 /* Build configuration list for PBXNativeTarget "demo" */;
			buildPhases = (
				123EE47E1F7A4E0100C30038 /* Sources */,
				123EE47F1F7A4E0100C30038 /* Frameworks */,
				123EE4801F7A4E0100C30038 /* Resources */,
			);
			buildRules = (
			);
			dependencies = (
			);
			name = demo;
			productName = demo;
			productReference = 123EE4821F7A4E0100C30038 /* demo.app */;
			productType = "com.apple.product-type.application";
		};
/* End PBXNativeTarget section */

/* Begin PBXProject section */
		123EE47A1F7A4E0100C30038 /* Project object */ = {
			isa = PBXProject;
			attributes = {
				LastSwiftUpdateCheck = 0900;
				LastUpgradeCheck = 0900;
				ORGANIZATIONNAME = nhope;
				TargetAttributes = {
					123EE4811F7A4E0100C30038 = {
						CreatedOnToolsVersion = 9.0;
						ProvisioningStyle = Automatic;
					};
				};
			};
			buildConfigurationList = 123EE47D1F7A4E0100C30038 /* Build configuration list for PBXProject "demo" */;
			compatibilityVersion = "Xcode 8.0";
			developmentRegion = en;
			hasScannedForEncodings = 0;
			knownRegions = (
				en,
				Base,
			);
			mainGroup = 123EE4791F7A4E0100C30038;
			productRefGroup = 123EE4831F7A4E0100C30038 /* Products */;
			projectDirPath = "";
			projectRoot = "";
			targets = (
				123EE4811F7A4E0100C30038 /* demo */,
			);
		};
/* End PBXProject section */

/* Begin PBXResourcesBuildPhase section */
		123EE4801F7A4E0100C30038 /* Resources */ = {
			isa = PBXResourcesBuildPhase;
			buildActionMask = 2147483647;
			files = (
				123EE4901F7A4E0100C30038 /* LaunchScreen.storyboard in Resources */,
				123EE48D1F7A4E0100C30038 /* Assets.xcassets in Resources */,
				123EE48B1F7A4E0100C30038 /* Main.storyboard in Resources */,
			);
			runOnlyForDeploymentPostprocessing = 0;
		};
/* End PBXResourcesBuildPhase section */

/* Begin PBXSourcesBuildPhase section */
		123EE47E1F7A4E0100C30038 /* Sources */ = {
			isa = PBXSourcesBuildPhase;
			buildActionMask = 2147483647;
			files = (
				1248C6891F7CC8BA00FE62EE /* ViewController.swift in Sources */,
				1222C43B1F7B7EDC00E26EB1 /* CollectionViewController.swift in Sources */,
				123EE4981F7A4E5100C30038 /* TableViewController.swift in Sources */,
				1222C43D1F7B904900E26EB1 /* MultipleCollectionViewController.swift in Sources */,
				123EE4861F7A4E0100C30038 /* AppDelegate.swift in Sources */,
				1222C40D1F7B30FD00E26EB1 /* extensions.swift in Sources */,
				129CD6951F7CD56600454C6D /* DropLabel.swift in Sources */,
			);
			runOnlyForDeploymentPostprocessing = 0;
		};
/* End PBXSourcesBuildPhase section */

/* Begin PBXVariantGroup section */
		123EE4891F7A4E0100C30038 /* Main.storyboard */ = {
			isa = PBXVariantGroup;
			children = (
				123EE48A1F7A4E0100C30038 /* Base */,
			);
			name = Main.storyboard;
			sourceTree = "<group>";
		};
		123EE48E1F7A4E0100C30038 /* LaunchScreen.storyboard */ = {
			isa = PBXVariantGroup;
			children = (
				123EE48F1F7A4E0100C30038 /* Base */,
			);
			name = LaunchScreen.storyboard;
			sourceTree = "<group>";
		};
/* End PBXVariantGroup section */

/* Begin XCBuildConfiguration section */
		123EE4921F7A4E0100C30038 /* Debug */ = {
			isa = XCBuildConfiguration;
			buildSettings = {
				ALWAYS_SEARCH_USER_PATHS = NO;
				CLANG_ANALYZER_NONNULL = YES;
				CLANG_ANALYZER_NUMBER_OBJECT_CONVERSION = YES_AGGRESSIVE;
				CLANG_CXX_LANGUAGE_STANDARD = "gnu++14";
				CLANG_CXX_LIBRARY = "libc++";
				CLANG_ENABLE_MODULES = YES;
				CLANG_ENABLE_OBJC_ARC = YES;
				CLANG_WARN_BLOCK_CAPTURE_AUTORELEASING = YES;
				CLANG_WARN_BOOL_CONVERSION = YES;
				CLANG_WARN_COMMA = YES;
				CLANG_WARN_CONSTANT_CONVERSION = YES;
				CLANG_WARN_DIRECT_OBJC_ISA_USAGE = YES_ERROR;
				CLANG_WARN_DOCUMENTATION_COMMENTS = YES;
				CLANG_WARN_EMPTY_BODY = YES;
				CLANG_WARN_ENUM_CONVERSION = YES;
				CLANG_WARN_INFINITE_RECURSION = YES;
				CLANG_WARN_INT_CONVERSION = YES;
				CLANG_WARN_NON_LITERAL_NULL_CONVERSION = YES;
				CLANG_WARN_OBJC_LITERAL_CONVERSION = YES;
				CLANG_WARN_OBJC_ROOT_CLASS = YES_ERROR;
				CLANG_WARN_RANGE_LOOP_ANALYSIS = YES;
				CLANG_WARN_STRICT_PROTOTYPES = YES;
				CLANG_WARN_SUSPICIOUS_MOVE = YES;
				CLANG_WARN_UNGUARDED_AVAILABILITY = YES_AGGRESSIVE;
				CLANG_WARN_UNREACHABLE_CODE = YES;
				CLANG_WARN__DUPLICATE_METHOD_MATCH = YES;
				CODE_SIGN_IDENTITY = "iPhone Developer";
				COPY_PHASE_STRIP = NO;
				DEBUG_INFORMATION_FORMAT = dwarf;
				ENABLE_STRICT_OBJC_MSGSEND = YES;
				ENABLE_TESTABILITY = YES;
				GCC_C_LANGUAGE_STANDARD = gnu11;
				GCC_DYNAMIC_NO_PIC = NO;
				GCC_NO_COMMON_BLOCKS = YES;
				GCC_OPTIMIZATION_LEVEL = 0;
				GCC_PREPROCESSOR_DEFINITIONS = (
					"DEBUG=1",
					"$(inherited)",
				);
				GCC_WARN_64_TO_32_BIT_CONVERSION = YES;
				GCC_WARN_ABOUT_RETURN_TYPE = YES_ERROR;
				GCC_WARN_UNDECLARED_SELECTOR = YES;
				GCC_WARN_UNINITIALIZED_AUTOS = YES_AGGRESSIVE;
				GCC_WARN_UNUSED_FUNCTION = YES;
				GCC_WARN_UNUSED_VARIABLE = YES;
				IPHONEOS_DEPLOYMENT_TARGET = 11.0;
				MTL_ENABLE_DEBUG_INFO = YES;
				ONLY_ACTIVE_ARCH = YES;
				SDKROOT = iphoneos;
				SWIFT_ACTIVE_COMPILATION_CONDITIONS = DEBUG;
				SWIFT_OPTIMIZATION_LEVEL = "-Onone";
			};
			name = Debug;
		};
		123EE4931F7A4E0100C30038 /* Release */ = {
			isa = XCBuildConfiguration;
			buildSettings = {
				ALWAYS_SEARCH_USER_PATHS = NO;
				CLANG_ANALYZER_NONNULL = YES;
				CLANG_ANALYZER_NUMBER_OBJECT_CONVERSION = YES_AGGRESSIVE;
				CLANG_CXX_LANGUAGE_STANDARD = "gnu++14";
				CLANG_CXX_LIBRARY = "libc++";
				CLANG_ENABLE_MODULES = YES;
				CLANG_ENABLE_OBJC_ARC = YES;
				CLANG_WARN_BLOCK_CAPTURE_AUTORELEASING = YES;
				CLANG_WARN_BOOL_CONVERSION = YES;
				CLANG_WARN_COMMA = YES;
				CLANG_WARN_CONSTANT_CONVERSION = YES;
				CLANG_WARN_DIRECT_OBJC_ISA_USAGE = YES_ERROR;
				CLANG_WARN_DOCUMENTATION_COMMENTS = YES;
				CLANG_WARN_EMPTY_BODY = YES;
				CLANG_WARN_ENUM_CONVERSION = YES;
				CLANG_WARN_INFINITE_RECURSION = YES;
				CLANG_WARN_INT_CONVERSION = YES;
				CLANG_WARN_NON_LITERAL_NULL_CONVERSION = YES;
				CLANG_WARN_OBJC_LITERAL_CONVERSION = YES;
				CLANG_WARN_OBJC_ROOT_CLASS = YES_ERROR;
				CLANG_WARN_RANGE_LOOP_ANALYSIS = YES;
				CLANG_WARN_STRICT_PROTOTYPES = YES;
				CLANG_WARN_SUSPICIOUS_MOVE = YES;
				CLANG_WARN_UNGUARDED_AVAILABILITY = YES_AGGRESSIVE;
				CLANG_WARN_UNREACHABLE_CODE = YES;
				CLANG_WARN__DUPLICATE_METHOD_MATCH = YES;
				CODE_SIGN_IDENTITY = "iPhone Developer";
				COPY_PHASE_STRIP = NO;
				DEBUG_INFORMATION_FORMAT = "dwarf-with-dsym";
				ENABLE_NS_ASSERTIONS = NO;
				ENABLE_STRICT_OBJC_MSGSEND = YES;
				GCC_C_LANGUAGE_STANDARD = gnu11;
				GCC_NO_COMMON_BLOCKS = YES;
				GCC_WARN_64_TO_32_BIT_CONVERSION = YES;
				GCC_WARN_ABOUT_RETURN_TYPE = YES_ERROR;
				GCC_WARN_UNDECLARED_SELECTOR = YES;
				GCC_WARN_UNINITIALIZED_AUTOS = YES_AGGRESSIVE;
				GCC_WARN_UNUSED_FUNCTION = YES;
				GCC_WARN_UNUSED_VARIABLE = YES;
				IPHONEOS_DEPLOYMENT_TARGET = 11.0;
				MTL_ENABLE_DEBUG_INFO = NO;
				SDKROOT = iphoneos;
				SWIFT_OPTIMIZATION_LEVEL = "-Owholemodule";
				VALIDATE_PRODUCT = YES;
			};
			name = Release;
		};
		123EE4951F7A4E0100C30038 /* Debug */ = {
			isa = XCBuildConfiguration;
			buildSettings = {
				ASSETCATALOG_COMPILER_APPICON_NAME = AppIcon;
				CODE_SIGN_STYLE = Automatic;
				DEVELOPMENT_TEAM = "";
				INFOPLIST_FILE = demo/Info.plist;
				IPHONEOS_DEPLOYMENT_TARGET = 11.0;
				LD_RUNPATH_SEARCH_PATHS = "$(inherited) @executable_path/Frameworks";
				PRODUCT_BUNDLE_IDENTIFIER = com.0daybug.demo;
				PRODUCT_NAME = "$(TARGET_NAME)";
				SWIFT_VERSION = 4.0;
				TARGETED_DEVICE_FAMILY = "1,2";
			};
			name = Debug;
		};
		123EE4961F7A4E0100C30038 /* Release */ = {
			isa = XCBuildConfiguration;
			buildSettings = {
				ASSETCATALOG_COMPILER_APPICON_NAME = AppIcon;
				CODE_SIGN_STYLE = Automatic;
				DEVELOPMENT_TEAM = "";
				INFOPLIST_FILE = demo/Info.plist;
				IPHONEOS_DEPLOYMENT_TARGET = 11.0;
				LD_RUNPATH_SEARCH_PATHS = "$(inherited) @executable_path/Frameworks";
				PRODUCT_BUNDLE_IDENTIFIER = com.0daybug.demo;
				PRODUCT_NAME = "$(TARGET_NAME)";
				SWIFT_VERSION = 4.0;
				TARGETED_DEVICE_FAMILY = "1,2";
			};
			name = Release;
		};
/* End XCBuildConfiguration section */

/* Begin XCConfigurationList section */
		123EE47D1F7A4E0100C30038 /* Build configuration list for PBXProject "demo" */ = {
			isa = XCConfigurationList;
			buildConfigurations = (
				123EE4921F7A4E0100C30038 /* Debug */,
				123EE4931F7A4E0100C30038 /* Release */,
			);
			defaultConfigurationIsVisible = 0;
			defaultConfigurationName = Release;
		};
		123EE4941F7A4E0100C30038 /* Build configuration list for PBXNativeTarget "demo" */ = {
			isa = XCConfigurationList;
			buildConfigurations = (
				123EE4951F7A4E0100C30038 /* Debug */,
				123EE4961F7A4E0100C30038 /* Release */,
			);
			defaultConfigurationIsVisible = 0;
			defaultConfigurationName = Release;
		};
/* End XCConfigurationList section */
	};
	rootObject = 123EE47A1F7A4E0100C30038 /* Project object */;
}
